{
  "version": "4",
  "specifiers": {
    "npm:@tailwindcss/cli@^4.0.0-beta.6": "4.0.0-beta.6",
    "npm:tailwindcss@4.0.0-beta.6": "4.0.0-beta.6"
  },
  "npm": {
    "@parcel/watcher-android-arm64@2.5.0": {
      "integrity": "sha512-qlX4eS28bUcQCdribHkg/herLe+0A9RyYC+mm2PXpncit8z5b3nSqGVzMNR3CmtAOgRutiZ02eIJJgP/b1iEFQ=="
    },
    "@parcel/watcher-darwin-arm64@2.5.0": {
      "integrity": "sha512-hyZ3TANnzGfLpRA2s/4U1kbw2ZI4qGxaRJbBH2DCSREFfubMswheh8TeiC1sGZ3z2jUf3s37P0BBlrD3sjVTUw=="
    },
    "@parcel/watcher-darwin-x64@2.5.0": {
      "integrity": "sha512-9rhlwd78saKf18fT869/poydQK8YqlU26TMiNg7AIu7eBp9adqbJZqmdFOsbZ5cnLp5XvRo9wcFmNHgHdWaGYA=="
    },
    "@parcel/watcher-freebsd-x64@2.5.0": {
      "integrity": "sha512-syvfhZzyM8kErg3VF0xpV8dixJ+RzbUaaGaeb7uDuz0D3FK97/mZ5AJQ3XNnDsXX7KkFNtyQyFrXZzQIcN49Tw=="
    },
    "@parcel/watcher-linux-arm-glibc@2.5.0": {
      "integrity": "sha512-0VQY1K35DQET3dVYWpOaPFecqOT9dbuCfzjxoQyif1Wc574t3kOSkKevULddcR9znz1TcklCE7Ht6NIxjvTqLA=="
    },
    "@parcel/watcher-linux-arm-musl@2.5.0": {
      "integrity": "sha512-6uHywSIzz8+vi2lAzFeltnYbdHsDm3iIB57d4g5oaB9vKwjb6N6dRIgZMujw4nm5r6v9/BQH0noq6DzHrqr2pA=="
    },
    "@parcel/watcher-linux-arm64-glibc@2.5.0": {
      "integrity": "sha512-BfNjXwZKxBy4WibDb/LDCriWSKLz+jJRL3cM/DllnHH5QUyoiUNEp3GmL80ZqxeumoADfCCP19+qiYiC8gUBjA=="
    },
    "@parcel/watcher-linux-arm64-musl@2.5.0": {
      "integrity": "sha512-S1qARKOphxfiBEkwLUbHjCY9BWPdWnW9j7f7Hb2jPplu8UZ3nes7zpPOW9bkLbHRvWM0WDTsjdOTUgW0xLBN1Q=="
    },
    "@parcel/watcher-linux-x64-glibc@2.5.0": {
      "integrity": "sha512-d9AOkusyXARkFD66S6zlGXyzx5RvY+chTP9Jp0ypSTC9d4lzyRs9ovGf/80VCxjKddcUvnsGwCHWuF2EoPgWjw=="
    },
    "@parcel/watcher-linux-x64-musl@2.5.0": {
      "integrity": "sha512-iqOC+GoTDoFyk/VYSFHwjHhYrk8bljW6zOhPuhi5t9ulqiYq1togGJB5e3PwYVFFfeVgc6pbz3JdQyDoBszVaA=="
    },
    "@parcel/watcher-win32-arm64@2.5.0": {
      "integrity": "sha512-twtft1d+JRNkM5YbmexfcH/N4znDtjgysFaV9zvZmmJezQsKpkfLYJ+JFV3uygugK6AtIM2oADPkB2AdhBrNig=="
    },
    "@parcel/watcher-win32-ia32@2.5.0": {
      "integrity": "sha512-+rgpsNRKwo8A53elqbbHXdOMtY/tAtTzManTWShB5Kk54N8Q9mzNWV7tV+IbGueCbcj826MfWGU3mprWtuf1TA=="
    },
    "@parcel/watcher-win32-x64@2.5.0": {
      "integrity": "sha512-lPrxve92zEHdgeff3aiu4gDOIt4u7sJYha6wbdEZDCDUhtjTsOMiaJzG5lMY4GkWH8p0fMmO2Ppq5G5XXG+DQw=="
    },
    "@parcel/watcher@2.5.0": {
      "integrity": "sha512-i0GV1yJnm2n3Yq1qw6QrUrd/LI9bE8WEBOTtOkpCXHHdyN3TAGgqAK/DAT05z4fq2x04cARXt2pDmjWjL92iTQ==",
      "dependencies": [
        "@parcel/watcher-android-arm64",
        "@parcel/watcher-darwin-arm64",
        "@parcel/watcher-darwin-x64",
        "@parcel/watcher-freebsd-x64",
        "@parcel/watcher-linux-arm-glibc",
        "@parcel/watcher-linux-arm-musl",
        "@parcel/watcher-linux-arm64-glibc",
        "@parcel/watcher-linux-arm64-musl",
        "@parcel/watcher-linux-x64-glibc",
        "@parcel/watcher-linux-x64-musl",
        "@parcel/watcher-win32-arm64",
        "@parcel/watcher-win32-ia32",
        "@parcel/watcher-win32-x64",
        "detect-libc",
        "is-glob",
        "micromatch",
        "node-addon-api"
      ]
    },
    "@tailwindcss/cli@4.0.0-beta.6": {
      "integrity": "sha512-mOT3GCG6sknhRZqS26dWqGDVtMrCvFOk7YHIo+amQ/eaggH9Qiugwp55zLnD1KE6BC++A8WgmCz6Bce4BMdEtA==",
      "dependencies": [
        "@parcel/watcher",
        "@tailwindcss/node",
        "@tailwindcss/oxide",
        "enhanced-resolve",
        "lightningcss",
        "mri",
        "picocolors",
        "tailwindcss"
      ]
    },
    "@tailwindcss/node@4.0.0-beta.6": {
      "integrity": "sha512-W07J19+05rRFKfk4sVtkNTb4iuGTI3BU6Ip/iEbb/w5NvaP+fSFK31OYFpJ+CXEWrbNgidUg46BQpw4Y1gophA==",
      "dependencies": [
        "enhanced-resolve",
        "jiti",
        "tailwindcss"
      ]
    },
    "@tailwindcss/oxide-android-arm64@4.0.0-beta.6": {
      "integrity": "sha512-yrUH/IfhkJWSYjF86UxpwrfaO866MjOhVQKG+wCgp0+YZGwirs8vX//a+8Y0SpEJrO0PVgmUU7xbsIM1EQWyTw=="
    },
    "@tailwindcss/oxide-darwin-arm64@4.0.0-beta.6": {
      "integrity": "sha512-WqFHSD/kocp8rH3KYJow8zTatTEMfdrkZu2KL8nnKfuAEk+juJuUnOQaXDmfsYNQSkGjtnGdcB/fueq4UtUSvw=="
    },
    "@tailwindcss/oxide-darwin-x64@4.0.0-beta.6": {
      "integrity": "sha512-zFc/TTBkDNLOKl/G9i1JOpg0AgrUOgBcSgURT/E0RsF0ZcKdiIjcyNswNThmjQnj+JAA8QL1Rct+04dH5j7Xjw=="
    },
    "@tailwindcss/oxide-freebsd-x64@4.0.0-beta.6": {
      "integrity": "sha512-J3+uiPmKTeyefQBy4F0fz5sBQOj9eUTke6W/do/CplM5zXORQVCOKnrY2CPyDpN9bh4TYutldoiI0BP0Yo2ShA=="
    },
    "@tailwindcss/oxide-linux-arm-gnueabihf@4.0.0-beta.6": {
      "integrity": "sha512-oWAwN6LjX2KH8ej0a/Uc1qnuy0ZSyAwOoJ1Fm2s38ipDmvxC8ARkNfWbYKN/D7dFhY7T3NMV4qjzamFKsrgchQ=="
    },
    "@tailwindcss/oxide-linux-arm64-gnu@4.0.0-beta.6": {
      "integrity": "sha512-p5jDtF6P3gOPl4eOH0YsN09yx/kXqLbgy4VMnOA9DB6Nlt+RVwM+JDa+RK/GAHL/qkAqO6YBEHeBURbWOeSuBw=="
    },
    "@tailwindcss/oxide-linux-arm64-musl@4.0.0-beta.6": {
      "integrity": "sha512-ZI92S4LFuXx50gzkv98RXmybbRga183Y3NwBrQ+PfbRUOgDR0/tyT3Zh4CF/0eL9zzxa1mIE7cBbQjXNnejYqQ=="
    },
    "@tailwindcss/oxide-linux-x64-gnu@4.0.0-beta.6": {
      "integrity": "sha512-F0z48W0Yksrw+xg0GK54wUFa0KmFO9lpbKy2u/2yZtHs+ZwJ55PjdljjW1OJzEHpD81AT+8DT1PhNCkaqpOlqg=="
    },
    "@tailwindcss/oxide-linux-x64-musl@4.0.0-beta.6": {
      "integrity": "sha512-GQx5f3qzLuAO7s1NTGY8PDhiEvrRTgYQhGN8HzH1LhP+URSbwgysyHKWFacejWrZS2azr6jlE84usxk8yn/7Xg=="
    },
    "@tailwindcss/oxide-win32-arm64-msvc@4.0.0-beta.6": {
      "integrity": "sha512-DUs1A5rVK1Da7XvY2FzVgS+5vinwVDOeXgOsL6dblL8ag70wlwzZjyB3YRbxKRekPynwKdILgIv8/TYE3cv7AQ=="
    },
    "@tailwindcss/oxide-win32-x64-msvc@4.0.0-beta.6": {
      "integrity": "sha512-VRsHAs3QBZa88N2Bp+LOV1vxr6f82L3KtamLIhyNTYXnEQjJxazaGwVow0VzN9sru2MTvcXjVFwdd9hUbeBKbA=="
    },
    "@tailwindcss/oxide@4.0.0-beta.6": {
      "integrity": "sha512-i/Fg/rXYwzV7OJEXbcwjNVkYPgnyfLdYXtduOX7Kvf686xn6jR/k6bhl9fVkQcDb/ujyKzNjD2POAjwhHAC8aw==",
      "dependencies": [
        "@tailwindcss/oxide-android-arm64",
        "@tailwindcss/oxide-darwin-arm64",
        "@tailwindcss/oxide-darwin-x64",
        "@tailwindcss/oxide-freebsd-x64",
        "@tailwindcss/oxide-linux-arm-gnueabihf",
        "@tailwindcss/oxide-linux-arm64-gnu",
        "@tailwindcss/oxide-linux-arm64-musl",
        "@tailwindcss/oxide-linux-x64-gnu",
        "@tailwindcss/oxide-linux-x64-musl",
        "@tailwindcss/oxide-win32-arm64-msvc",
        "@tailwindcss/oxide-win32-x64-msvc"
      ]
    },
    "braces@3.0.3": {
      "integrity": "sha512-yQbXgO/OSZVD2IsiLlro+7Hf6Q18EJrKSEsdoMzKePKXct3gvD8oLcOQdIzGupr5Fj+EDe8gO/lxc1BzfMpxvA==",
      "dependencies": [
        "fill-range"
      ]
    },
    "detect-libc@1.0.3": {
      "integrity": "sha512-pGjwhsmsp4kL2RTz08wcOlGN83otlqHeD/Z5T8GXZB+/YcpQ/dgo+lbU8ZsGxV0HIvqqxo9l7mqYwyYMD9bKDg=="
    },
    "enhanced-resolve@5.17.1": {
      "integrity": "sha512-LMHl3dXhTcfv8gM4kEzIUeTQ+7fpdA0l2tUf34BddXPkz2A5xJ5L/Pchd5BL6rdccM9QGvu0sWZzK1Z1t4wwyg==",
      "dependencies": [
        "graceful-fs",
        "tapable"
      ]
    },
    "fill-range@7.1.1": {
      "integrity": "sha512-YsGpe3WHLK8ZYi4tWDg2Jy3ebRz2rXowDxnld4bkQB00cc/1Zw9AWnC0i9ztDJitivtQvaI9KaLyKrc+hBW0yg==",
      "dependencies": [
        "to-regex-range"
      ]
    },
    "graceful-fs@4.2.11": {
      "integrity": "sha512-RbJ5/jmFcNNCcDV5o9eTnBLJ/HszWV0P73bc+Ff4nS/rJj+YaS6IGyiOL0VoBYX+l1Wrl3k63h/KrH+nhJ0XvQ=="
    },
    "is-extglob@2.1.1": {
      "integrity": "sha512-SbKbANkN603Vi4jEZv49LeVJMn4yGwsbzZworEoyEiutsN3nJYdbO36zfhGJ6QEDpOZIFkDtnq5JRxmvl3jsoQ=="
    },
    "is-glob@4.0.3": {
      "integrity": "sha512-xelSayHH36ZgE7ZWhli7pW34hNbNl8Ojv5KVmkJD4hBdD3th8Tfk9vYasLM+mXWOZhFkgZfxhLSnrwRr4elSSg==",
      "dependencies": [
        "is-extglob"
      ]
    },
    "is-number@7.0.0": {
      "integrity": "sha512-41Cifkg6e8TylSpdtTpeLVMqvSBEVzTttHvERD741+pnZ8ANv0004MRL43QKPDlK9cGvNp6NZWZUBlbGXYxxng=="
    },
    "jiti@2.4.1": {
      "integrity": "sha512-yPBThwecp1wS9DmoA4x4KR2h3QoslacnDR8ypuFM962kI4/456Iy1oHx2RAgh4jfZNdn0bctsdadceiBUgpU1g=="
    },
    "lightningcss-darwin-arm64@1.28.1": {
      "integrity": "sha512-VG3vvzM0m/rguCdm76DdobNeNJnHK+jWcdkNLFWHLh9YCotRvbRIt45JxwcHlIF8TDqWStVLTdghq5NaigVCBQ=="
    },
    "lightningcss-darwin-x64@1.28.1": {
      "integrity": "sha512-O7ORdislvKfMohFl4Iq7fxKqdJOuuxArcglVI3amuFO5DJ0wfV3Gxgi1JRo49slfr7OVzJQEHLG4muTWYM5cTQ=="
    },
    "lightningcss-freebsd-x64@1.28.1": {
      "integrity": "sha512-b7sF89B31kYYijxVcFO7l5u6UNA862YstNu+3YbLl/IQKzveL4a5cwR5cdpG+OOhErg/c2u9WCmzZoX2I5GBvw=="
    },
    "lightningcss-linux-arm-gnueabihf@1.28.1": {
      "integrity": "sha512-p61kXwvhUDLLzkWHjzSFfUBW/F0iy3jr3CWi3k8SKULtJEsJXTI9DqRm9EixxMSe2AMBQBt4auTYiQL4B1N51A=="
    },
    "lightningcss-linux-arm64-gnu@1.28.1": {
      "integrity": "sha512-iO+fN9hOMmzfwqcG2/BgUtMKD48H2JO/SXU44fyIwpY2veb65QF5xiRrQ9l1FwIxbGK3231KBYCtAqv+xf+NsQ=="
    },
    "lightningcss-linux-arm64-musl@1.28.1": {
      "integrity": "sha512-dnMHeXEmCUzHHZjaDpQBYuBKcN9nPC3nPFKl70bcj5Bkn5EmkcgEqm5p035LKOgvAwk1XwLpQCML6pXmCwz0NQ=="
    },
    "lightningcss-linux-x64-gnu@1.28.1": {
      "integrity": "sha512-7vWDISaMUn+oo2TwRdf2hl/BLdPxvywv9JKEqNZB/0K7bXwV4XE9wN/C2sAp1gGuh6QBA8lpjF4JIPt3HNlCHA=="
    },
    "lightningcss-linux-x64-musl@1.28.1": {
      "integrity": "sha512-IHCu9tVGP+x5BCpA2rF3D04DBokcBza/a8AuHQU+1AiMKubuMegPwcL7RatBgK4ztFHeYnnD5NdhwhRfYMAtNA=="
    },
    "lightningcss-win32-arm64-msvc@1.28.1": {
      "integrity": "sha512-Erm72kHmMg/3h350PTseskz+eEGBM17Fuu79WW2Qqt0BfWSF1jHHc12lkJCWMYl5jcBHPs5yZdgNHtJ7IJS3Uw=="
    },
    "lightningcss-win32-x64-msvc@1.28.1": {
      "integrity": "sha512-ZPQtvx+uQBzrSdHH8p4H3M9Alue+x369TPZAA3b4K3d92FPhpZCuBG04+HQzspam9sVeID9mI6f3VRAs2ezaEA=="
    },
    "lightningcss@1.28.1": {
      "integrity": "sha512-KRDkHlLlNj3DWh79CDt93fPlRJh2W1AuHV0ZSZAMMuN7lqlsZTV5842idfS1urWG8q9tc17velp1gCXhY7sLnQ==",
      "dependencies": [
        "detect-libc",
        "lightningcss-darwin-arm64",
        "lightningcss-darwin-x64",
        "lightningcss-freebsd-x64",
        "lightningcss-linux-arm-gnueabihf",
        "lightningcss-linux-arm64-gnu",
        "lightningcss-linux-arm64-musl",
        "lightningcss-linux-x64-gnu",
        "lightningcss-linux-x64-musl",
        "lightningcss-win32-arm64-msvc",
        "lightningcss-win32-x64-msvc"
      ]
    },
    "micromatch@4.0.8": {
      "integrity": "sha512-PXwfBhYu0hBCPw8Dn0E+WDYb7af3dSLVWKi3HGv84IdF4TyFoC0ysxFd0Goxw7nSv4T/PzEJQxsYsEiFCKo2BA==",
      "dependencies": [
        "braces",
        "picomatch"
      ]
    },
    "mri@1.2.0": {
      "integrity": "sha512-tzzskb3bG8LvYGFF/mDTpq3jpI6Q9wc3LEmBaghu+DdCssd1FakN7Bc0hVNmEyGq1bq3RgfkCb3cmQLpNPOroA=="
    },
    "node-addon-api@7.1.1": {
      "integrity": "sha512-5m3bsyrjFWE1xf7nz7YXdN4udnVtXK6/Yfgn5qnahL6bCkf2yKt4k3nuTKAtT4r3IG8JNR2ncsIMdZuAzJjHQQ=="
    },
    "picocolors@1.1.1": {
      "integrity": "sha512-xceH2snhtb5M9liqDsmEw56le376mTZkEX/jEb/RxNFyegNul7eNslCXP9FDj/Lcu0X8KEyMceP2ntpaHrDEVA=="
    },
    "picomatch@2.3.1": {
      "integrity": "sha512-JU3teHTNjmE2VCGFzuY8EXzCDVwEqB2a8fsIvwaStHhAWJEeVd1o1QD80CU6+ZdEXXSLbSsuLwJjkCBWqRQUVA=="
    },
    "tailwindcss@4.0.0-beta.6": {
      "integrity": "sha512-eCCuMk3H65w4J/QWkjxfeWoBSKbCD3E6Uj2LA6Xkkl4eMa1MXuwVpIU1RXcLIp+BVsXGEZMP7i7uJig7KxfAXQ=="
    },
    "tapable@2.2.1": {
      "integrity": "sha512-GNzQvQTOIP6RyTfE2Qxb8ZVlNmw0n88vp1szwWRimP02mnTsx3Wtn5qRdqY9w2XduFNUgvOwhNnQsjwCp+kqaQ=="
    },
    "to-regex-range@5.0.1": {
      "integrity": "sha512-65P7iz6X5yEr1cwcgvQxbbIw7Uk3gOy5dIdtZ4rDveLqhrdJP+Li/Hx6tyK0NEb+2GCyneCMJiGqrADCSNk8sQ==",
      "dependencies": [
        "is-number"
      ]
    }
  },
  "workspace": {
    "packageJson": {
      "dependencies": [
        "npm:@tailwindcss/cli@^4.0.0-beta.6"
      ]
    }
  }
}
